
Microsoft Visual Studio Solution File, Format Version 12.00
# Visual Studio 2013
VisualStudioVersion = 12.0.21005.1
MinimumVisualStudioVersion = 10.0.40219.1
Project("{8BC9CEB8-8B4A-11D0-8D11-00A0C91BC942}") = "Codey-The-Robot", "Codey-The-Robot\Codey-The-Robot.vcxproj", "{D3FBF8BD-36FE-475F-801C-8BE213532EF5}"
EndProject
Project("{2150E333-8FDC-42A3-9474-1A3956D46DE8}") = "content", "content", "{A2199E12-97DD-416A-859D-7C85414FC794}"
EndProject
Global
	GlobalSection(SolutionConfigurationPlatforms) = preSolution
		Debug|Win32 = Debug|Win32
		Release|Win32 = Release|Win32
	EndGlobalSection
	GlobalSection(ProjectConfigurationPlatforms) = postSolution
		{D3FBF8BD-36FE-475F-801C-8BE213532EF5}.Debug|Win32.ActiveCfg = Debug|Win32
		{D3FBF8BD-36FE-475F-801C-8BE213532EF5}.Debug|Win32.Build.0 = Debug|Win32
		{D3FBF8BD-36FE-475F-801C-8BE213532EF5}.Release|Win32.ActiveCfg = Release|Win32
		{D3FBF8BD-36FE-475F-801C-8BE213532EF5}.Release|Win32.Build.0 = Release|Win32
	EndGlobalSection
	GlobalSection(SolutionProperties) = preSolution
		HideSolutionNode = FALSE
	EndGlobalSection
EndGlobal
